
Microsoft Visual Studio Solution File, Format Version 12.00
# Visual Studio Version 16
VisualStudioVersion = 16.0.29503.13
MinimumVisualStudioVersion = 10.0.40219.1
Project("{FAE04EC0-301F-11D3-BF4B-00C04F79EFBC}") = "Api", "Api\Api.csproj", "{180A3B1B-B246-48E6-9EFB-AAAECCC480F6}"
EndProject
Global
	GlobalSection(SolutionConfigurationPlatforms) = preSolution
		Debug|Any CPU = Debug|Any CPU
		Release|Any CPU = Release|Any CPU
	EndGlobalSection
	GlobalSection(ProjectConfigurationPlatforms) = postSolution
		{180A3B1B-B246-48E6-9EFB-AAAECCC480F6}.Debug|Any CPU.ActiveCfg = Debug|Any CPU
		{180A3B1B-B246-48E6-9EFB-AAAECCC480F6}.Debug|Any CPU.Build.0 = Debug|Any CPU
		{180A3B1B-B246-48E6-9EFB-AAAECCC480F6}.Release|Any CPU.ActiveCfg = Release|Any CPU
		{180A3B1B-B246-48E6-9EFB-AAAECCC480F6}.Release|Any CPU.Build.0 = Release|Any CPU
	EndGlobalSection
	GlobalSection(SolutionProperties) = preSolution
		HideSolutionNode = FALSE
	EndGlobalSection
	GlobalSection(ExtensibilityGlobals) = postSolution
		SolutionGuid = {38D53E36-9625-4B33-B1F1-505C687A54B0}
	EndGlobalSection
EndGlobal
